# THIS IS AN AUTOGENERATED FILE. DO NOT EDIT THIS FILE DIRECTLY.
# yarn lockfile v1


async-limiter@~1.0.0:
  version "1.0.0"
  resolved "https://registry.yarnpkg.com/async-limiter/-/async-limiter-1.0.0.tgz#78faed8c3d074ab81f22b4e985d79e8738f720f8"

eris@^0.8.5:
  version "0.8.5"
  resolved "https://registry.yarnpkg.com/eris/-/eris-0.8.5.tgz#51d72935df49acfb9428cf0b2e3e9b8e4b2a6603"
  dependencies:
    ws "^3.3.2"
  optionalDependencies:
    opusscript "^0.0.4"
    tweetnacl "^1.0.0"

influx@^5.0.7:
  version "5.0.7"
  resolved "https://registry.yarnpkg.com/influx/-/influx-5.0.7.tgz#35e65f6bf13cbaa1763108b5596a806a727a529a"

opusscript@^0.0.4:
  version "0.0.4"
  resolved "https://registry.yarnpkg.com/opusscript/-/opusscript-0.0.4.tgz#c718edcfdcd2a1f55fadb266dd07268d4a46afde"

safe-buffer@~5.1.0:
  version "5.1.2"
  resolved "https://registry.yarnpkg.com/safe-buffer/-/safe-buffer-5.1.2.tgz#991ec69d296e0313747d59bdfd2b745c35f8828d"

tweetnacl@^1.0.0:
  version "1.0.0"
  resolved "https://registry.yarnpkg.com/tweetnacl/-/tweetnacl-1.0.0.tgz#713d8b818da42068740bf68386d0479e66fc8a7b"

ultron@~1.1.0:
  version "1.1.1"
  resolved "https://registry.yarnpkg.com/ultron/-/ultron-1.1.1.tgz#9fe1536a10a664a65266a1e3ccf85fd36302bc9c"

ws@^3.3.2:
  version "3.3.3"
  resolved "https://registry.yarnpkg.com/ws/-/ws-3.3.3.tgz#f1cf84fe2d5e901ebce94efaece785f187a228f2"
  dependencies:
    async-limiter "~1.0.0"
    safe-buffer "~5.1.0"
    ultron "~1.1.0"
